
Microsoft Visual Studio Solution File, Format Version 12.00
# Visual Studio Version 16
VisualStudioVersion = 16.0.30523.141
MinimumVisualStudioVersion = 10.0.40219.1
Project("{FAE04EC0-301F-11D3-BF4B-00C04F79EFBC}") = "Popa_Maria_Lab10.Android", "Popa_Maria_Lab10.Android\Popa_Maria_Lab10.Android.csproj", "{CC904F73-F3D9-419E-A3CE-2A9E0C9934F2}"
EndProject
Project("{FAE04EC0-301F-11D3-BF4B-00C04F79EFBC}") = "Popa_Maria_Lab10.iOS", "Popa_Maria_Lab10.iOS\Popa_Maria_Lab10.iOS.csproj", "{27B16445-F7CC-4395-8251-F3CDD4DDCE7A}"
EndProject
Project("{FAE04EC0-301F-11D3-BF4B-00C04F79EFBC}") = "Popa_Maria_Lab10", "Popa_Maria_Lab10\Popa_Maria_Lab10.csproj", "{009C4E3F-1F63-4CDF-B909-9CDE19AEC6E5}"
EndProject
Global
	GlobalSection(SolutionConfigurationPlatforms) = preSolution
		Debug|Any CPU = Debug|Any CPU
		Debug|iPhone = Debug|iPhone
		Debug|iPhoneSimulator = Debug|iPhoneSimulator
		Release|Any CPU = Release|Any CPU
		Release|iPhone = Release|iPhone
		Release|iPhoneSimulator = Release|iPhoneSimulator
	EndGlobalSection
	GlobalSection(ProjectConfigurationPlatforms) = postSolution
		{CC904F73-F3D9-419E-A3CE-2A9E0C9934F2}.Debug|Any CPU.ActiveCfg = Debug|Any CPU
		{CC904F73-F3D9-419E-A3CE-2A9E0C9934F2}.Debug|Any CPU.Build.0 = Debug|Any CPU
		{CC904F73-F3D9-419E-A3CE-2A9E0C9934F2}.Debug|Any CPU.Deploy.0 = Debug|Any CPU
		{CC904F73-F3D9-419E-A3CE-2A9E0C9934F2}.Debug|iPhone.ActiveCfg = Debug|Any CPU
		{CC904F73-F3D9-419E-A3CE-2A9E0C9934F2}.Debug|iPhone.Build.0 = Debug|Any CPU
		{CC904F73-F3D9-419E-A3CE-2A9E0C9934F2}.Debug|iPhone.Deploy.0 = Debug|Any CPU
		{CC904F73-F3D9-419E-A3CE-2A9E0C9934F2}.Debug|iPhoneSimulator.ActiveCfg = Debug|Any CPU
		{CC904F73-F3D9-419E-A3CE-2A9E0C9934F2}.Debug|iPhoneSimulator.Build.0 = Debug|Any CPU
		{CC904F73-F3D9-419E-A3CE-2A9E0C9934F2}.Debug|iPhoneSimulator.Deploy.0 = Debug|Any CPU
		{CC904F73-F3D9-419E-A3CE-2A9E0C9934F2}.Release|Any CPU.ActiveCfg = Release|Any CPU
		{CC904F73-F3D9-419E-A3CE-2A9E0C9934F2}.Release|Any CPU.Build.0 = Release|Any CPU
		{CC904F73-F3D9-419E-A3CE-2A9E0C9934F2}.Release|Any CPU.Deploy.0 = Release|Any CPU
		{CC904F73-F3D9-419E-A3CE-2A9E0C9934F2}.Release|iPhone.ActiveCfg = Release|Any CPU
		{CC904F73-F3D9-419E-A3CE-2A9E0C9934F2}.Release|iPhone.Build.0 = Release|Any CPU
		{CC904F73-F3D9-419E-A3CE-2A9E0C9934F2}.Release|iPhone.Deploy.0 = Release|Any CPU
		{CC904F73-F3D9-419E-A3CE-2A9E0C9934F2}.Release|iPhoneSimulator.ActiveCfg = Release|Any CPU
		{CC904F73-F3D9-419E-A3CE-2A9E0C9934F2}.Release|iPhoneSimulator.Build.0 = Release|Any CPU
		{CC904F73-F3D9-419E-A3CE-2A9E0C9934F2}.Release|iPhoneSimulator.Deploy.0 = Release|Any CPU
		{27B16445-F7CC-4395-8251-F3CDD4DDCE7A}.Debug|Any CPU.ActiveCfg = Debug|iPhone
		{27B16445-F7CC-4395-8251-F3CDD4DDCE7A}.Debug|Any CPU.Build.0 = Debug|iPhone
		{27B16445-F7CC-4395-8251-F3CDD4DDCE7A}.Debug|Any CPU.Deploy.0 = Debug|iPhone
		{27B16445-F7CC-4395-8251-F3CDD4DDCE7A}.Debug|iPhone.ActiveCfg = Debug|iPhone
		{27B16445-F7CC-4395-8251-F3CDD4DDCE7A}.Debug|iPhone.Build.0 = Debug|iPhone
		{27B16445-F7CC-4395-8251-F3CDD4DDCE7A}.Debug|iPhone.Deploy.0 = Debug|iPhone
		{27B16445-F7CC-4395-8251-F3CDD4DDCE7A}.Debug|iPhoneSimulator.ActiveCfg = Debug|iPhoneSimulator
		{27B16445-F7CC-4395-8251-F3CDD4DDCE7A}.Debug|iPhoneSimulator.Build.0 = Debug|iPhoneSimulator
		{27B16445-F7CC-4395-8251-F3CDD4DDCE7A}.Debug|iPhoneSimulator.Deploy.0 = Debug|iPhoneSimulator
		{27B16445-F7CC-4395-8251-F3CDD4DDCE7A}.Release|Any CPU.ActiveCfg = Release|iPhoneSimulator
		{27B16445-F7CC-4395-8251-F3CDD4DDCE7A}.Release|Any CPU.Build.0 = Release|iPhoneSimulator
		{27B16445-F7CC-4395-8251-F3CDD4DDCE7A}.Release|Any CPU.Deploy.0 = Release|iPhoneSimulator
		{27B16445-F7CC-4395-8251-F3CDD4DDCE7A}.Release|iPhone.ActiveCfg = Release|iPhone
		{27B16445-F7CC-4395-8251-F3CDD4DDCE7A}.Release|iPhone.Build.0 = Release|iPhone
		{27B16445-F7CC-4395-8251-F3CDD4DDCE7A}.Release|iPhone.Deploy.0 = Release|iPhone
		{27B16445-F7CC-4395-8251-F3CDD4DDCE7A}.Release|iPhoneSimulator.ActiveCfg = Release|iPhoneSimulator
		{27B16445-F7CC-4395-8251-F3CDD4DDCE7A}.Release|iPhoneSimulator.Build.0 = Release|iPhoneSimulator
		{27B16445-F7CC-4395-8251-F3CDD4DDCE7A}.Release|iPhoneSimulator.Deploy.0 = Release|iPhoneSimulator
		{009C4E3F-1F63-4CDF-B909-9CDE19AEC6E5}.Debug|Any CPU.ActiveCfg = Debug|Any CPU
		{009C4E3F-1F63-4CDF-B909-9CDE19AEC6E5}.Debug|Any CPU.Build.0 = Debug|Any CPU
		{009C4E3F-1F63-4CDF-B909-9CDE19AEC6E5}.Debug|Any CPU.Deploy.0 = Debug|Any CPU
		{009C4E3F-1F63-4CDF-B909-9CDE19AEC6E5}.Debug|iPhone.ActiveCfg = Debug|Any CPU
		{009C4E3F-1F63-4CDF-B909-9CDE19AEC6E5}.Debug|iPhone.Build.0 = Debug|Any CPU
		{009C4E3F-1F63-4CDF-B909-9CDE19AEC6E5}.Debug|iPhone.Deploy.0 = Debug|Any CPU
		{009C4E3F-1F63-4CDF-B909-9CDE19AEC6E5}.Debug|iPhoneSimulator.ActiveCfg = Debug|Any CPU
		{009C4E3F-1F63-4CDF-B909-9CDE19AEC6E5}.Debug|iPhoneSimulator.Build.0 = Debug|Any CPU
		{009C4E3F-1F63-4CDF-B909-9CDE19AEC6E5}.Debug|iPhoneSimulator.Deploy.0 = Debug|Any CPU
		{009C4E3F-1F63-4CDF-B909-9CDE19AEC6E5}.Release|Any CPU.ActiveCfg = Release|Any CPU
		{009C4E3F-1F63-4CDF-B909-9CDE19AEC6E5}.Release|Any CPU.Build.0 = Release|Any CPU
		{009C4E3F-1F63-4CDF-B909-9CDE19AEC6E5}.Release|Any CPU.Deploy.0 = Release|Any CPU
		{009C4E3F-1F63-4CDF-B909-9CDE19AEC6E5}.Release|iPhone.ActiveCfg = Release|Any CPU
		{009C4E3F-1F63-4CDF-B909-9CDE19AEC6E5}.Release|iPhone.Build.0 = Release|Any CPU
		{009C4E3F-1F63-4CDF-B909-9CDE19AEC6E5}.Release|iPhone.Deploy.0 = Release|Any CPU
		{009C4E3F-1F63-4CDF-B909-9CDE19AEC6E5}.Release|iPhoneSimulator.ActiveCfg = Release|Any CPU
		{009C4E3F-1F63-4CDF-B909-9CDE19AEC6E5}.Release|iPhoneSimulator.Build.0 = Release|Any CPU
		{009C4E3F-1F63-4CDF-B909-9CDE19AEC6E5}.Release|iPhoneSimulator.Deploy.0 = Release|Any CPU
	EndGlobalSection
	GlobalSection(SolutionProperties) = preSolution
		HideSolutionNode = FALSE
	EndGlobalSection
	GlobalSection(ExtensibilityGlobals) = postSolution
		SolutionGuid = {15895A1D-0AEF-47EE-B5C8-03B6218523C8}
	EndGlobalSection
EndGlobal
